
Microsoft Visual Studio Solution File, Format Version 12.00
Project("{FAE04EC0-301F-11D3-BF4B-00C04F79EFBC}") = "RockPaperScissors", "RockPaperScissors\RockPaperScissors.csproj", "{BEF57620-5F59-4D2E-B29E-C7D1A7AD1465}"
EndProject
Global
	GlobalSection(SolutionConfigurationPlatforms) = preSolution
		Debug|Any CPU = Debug|Any CPU
		Release|Any CPU = Release|Any CPU
	EndGlobalSection
	GlobalSection(ProjectConfigurationPlatforms) = postSolution
		{BEF57620-5F59-4D2E-B29E-C7D1A7AD1465}.Debug|Any CPU.ActiveCfg = Debug|Any CPU
		{BEF57620-5F59-4D2E-B29E-C7D1A7AD1465}.Debug|Any CPU.Build.0 = Debug|Any CPU
		{BEF57620-5F59-4D2E-B29E-C7D1A7AD1465}.Release|Any CPU.ActiveCfg = Release|Any CPU
		{BEF57620-5F59-4D2E-B29E-C7D1A7AD1465}.Release|Any CPU.Build.0 = Release|Any CPU
	EndGlobalSection
EndGlobal
